
Microsoft Visual Studio Solution File, Format Version 12.00
# Visual Studio 2012
Project("{FAE04EC0-301F-11D3-BF4B-00C04F79EFBC}") = "ExceptionEj42", "Clase17\ExceptionEj42.csproj", "{000182E2-9ECB-4413-A835-C89BAC631D8F}"
EndProject
Project("{FAE04EC0-301F-11D3-BF4B-00C04F79EFBC}") = "IO", "IO\IO.csproj", "{A24F9137-EEF7-4CB1-AA74-C7DA660B1B75}"
EndProject
Global
	GlobalSection(SolutionConfigurationPlatforms) = preSolution
		Debug|Any CPU = Debug|Any CPU
		Release|Any CPU = Release|Any CPU
	EndGlobalSection
	GlobalSection(ProjectConfigurationPlatforms) = postSolution
		{000182E2-9ECB-4413-A835-C89BAC631D8F}.Debug|Any CPU.ActiveCfg = Debug|Any CPU
		{000182E2-9ECB-4413-A835-C89BAC631D8F}.Debug|Any CPU.Build.0 = Debug|Any CPU
		{000182E2-9ECB-4413-A835-C89BAC631D8F}.Release|Any CPU.ActiveCfg = Release|Any CPU
		{000182E2-9ECB-4413-A835-C89BAC631D8F}.Release|Any CPU.Build.0 = Release|Any CPU
		{A24F9137-EEF7-4CB1-AA74-C7DA660B1B75}.Debug|Any CPU.ActiveCfg = Debug|Any CPU
		{A24F9137-EEF7-4CB1-AA74-C7DA660B1B75}.Debug|Any CPU.Build.0 = Debug|Any CPU
		{A24F9137-EEF7-4CB1-AA74-C7DA660B1B75}.Release|Any CPU.ActiveCfg = Release|Any CPU
		{A24F9137-EEF7-4CB1-AA74-C7DA660B1B75}.Release|Any CPU.Build.0 = Release|Any CPU
	EndGlobalSection
	GlobalSection(SolutionProperties) = preSolution
		HideSolutionNode = FALSE
	EndGlobalSection
EndGlobal
