
Microsoft Visual Studio Solution File, Format Version 12.00
# Visual Studio 14
VisualStudioVersion = 14.0.25420.1
MinimumVisualStudioVersion = 10.0.40219.1
Project("{FAE04EC0-301F-11D3-BF4B-00C04F79EFBC}") = "CentralitaHerencia", "Clase10\CentralitaHerencia.csproj", "{1A8DF43B-76C2-4C88-8872-3557CE36ACE4}"
EndProject
Project("{FAE04EC0-301F-11D3-BF4B-00C04F79EFBC}") = "CentralitaAbstracta", "CentralitaAbstracta\CentralitaAbstracta.csproj", "{1FEA686C-BC67-4AAA-9D33-317F0196F2DB}"
EndProject
Global
	GlobalSection(SolutionConfigurationPlatforms) = preSolution
		Debug|Any CPU = Debug|Any CPU
		Release|Any CPU = Release|Any CPU
	EndGlobalSection
	GlobalSection(ProjectConfigurationPlatforms) = postSolution
		{1A8DF43B-76C2-4C88-8872-3557CE36ACE4}.Debug|Any CPU.ActiveCfg = Debug|Any CPU
		{1A8DF43B-76C2-4C88-8872-3557CE36ACE4}.Debug|Any CPU.Build.0 = Debug|Any CPU
		{1A8DF43B-76C2-4C88-8872-3557CE36ACE4}.Release|Any CPU.ActiveCfg = Release|Any CPU
		{1A8DF43B-76C2-4C88-8872-3557CE36ACE4}.Release|Any CPU.Build.0 = Release|Any CPU
		{1FEA686C-BC67-4AAA-9D33-317F0196F2DB}.Debug|Any CPU.ActiveCfg = Debug|Any CPU
		{1FEA686C-BC67-4AAA-9D33-317F0196F2DB}.Debug|Any CPU.Build.0 = Debug|Any CPU
		{1FEA686C-BC67-4AAA-9D33-317F0196F2DB}.Release|Any CPU.ActiveCfg = Release|Any CPU
		{1FEA686C-BC67-4AAA-9D33-317F0196F2DB}.Release|Any CPU.Build.0 = Release|Any CPU
	EndGlobalSection
	GlobalSection(SolutionProperties) = preSolution
		HideSolutionNode = FALSE
	EndGlobalSection
EndGlobal
